
Microsoft Visual Studio Solution File, Format Version 12.00
# Visual Studio Version 17
VisualStudioVersion = 17.0.32126.317
MinimumVisualStudioVersion = 10.0.40219.1
Project("{9A19103F-16F7-4668-BE54-9A1E7A4F7556}") = "ZigitBackend", "ZigitBackend\ZigitBackend.csproj", "{6C86BCAB-6296-4EE0-B199-17E7D293841C}"
EndProject
Project("{FAE04EC0-301F-11D3-BF4B-00C04F79EFBC}") = "DAL", "DAL\DAL.csproj", "{846895BD-EA6C-4980-829F-6E889DE2B801}"
EndProject
Project("{FAE04EC0-301F-11D3-BF4B-00C04F79EFBC}") = "Domain", "Domain\Domain.csproj", "{A7831175-6F34-4A2A-BD0B-0457DC2CC963}"
EndProject
Global
	GlobalSection(SolutionConfigurationPlatforms) = preSolution
		Debug|Any CPU = Debug|Any CPU
		Release|Any CPU = Release|Any CPU
	EndGlobalSection
	GlobalSection(ProjectConfigurationPlatforms) = postSolution
		{6C86BCAB-6296-4EE0-B199-17E7D293841C}.Debug|Any CPU.ActiveCfg = Debug|Any CPU
		{6C86BCAB-6296-4EE0-B199-17E7D293841C}.Debug|Any CPU.Build.0 = Debug|Any CPU
		{6C86BCAB-6296-4EE0-B199-17E7D293841C}.Release|Any CPU.ActiveCfg = Release|Any CPU
		{6C86BCAB-6296-4EE0-B199-17E7D293841C}.Release|Any CPU.Build.0 = Release|Any CPU
		{846895BD-EA6C-4980-829F-6E889DE2B801}.Debug|Any CPU.ActiveCfg = Debug|Any CPU
		{846895BD-EA6C-4980-829F-6E889DE2B801}.Debug|Any CPU.Build.0 = Debug|Any CPU
		{846895BD-EA6C-4980-829F-6E889DE2B801}.Release|Any CPU.ActiveCfg = Release|Any CPU
		{846895BD-EA6C-4980-829F-6E889DE2B801}.Release|Any CPU.Build.0 = Release|Any CPU
		{A7831175-6F34-4A2A-BD0B-0457DC2CC963}.Debug|Any CPU.ActiveCfg = Debug|Any CPU
		{A7831175-6F34-4A2A-BD0B-0457DC2CC963}.Debug|Any CPU.Build.0 = Debug|Any CPU
		{A7831175-6F34-4A2A-BD0B-0457DC2CC963}.Release|Any CPU.ActiveCfg = Release|Any CPU
		{A7831175-6F34-4A2A-BD0B-0457DC2CC963}.Release|Any CPU.Build.0 = Release|Any CPU
	EndGlobalSection
	GlobalSection(SolutionProperties) = preSolution
		HideSolutionNode = FALSE
	EndGlobalSection
	GlobalSection(ExtensibilityGlobals) = postSolution
		SolutionGuid = {DCF4A2BB-E81E-40ED-98C9-F158DE0F42BB}
	EndGlobalSection
EndGlobal
